
Microsoft Visual Studio Solution File, Format Version 12.00
# Visual Studio Version 16
VisualStudioVersion = 16.0.30907.101
MinimumVisualStudioVersion = 10.0.40219.1
Project("{FAE04EC0-301F-11D3-BF4B-00C04F79EFBC}") = "BenMedica.Api", "BenMedica.Api\BenMedica.Api.csproj", "{E464E562-74E4-4586-B558-50A57A300D34}"
EndProject
Project("{FAE04EC0-301F-11D3-BF4B-00C04F79EFBC}") = "BenMedica.Model", "BenMedica.Model\BenMedica.Model.csproj", "{5E124A29-FD7E-47CB-B555-9914CFDC3DD3}"
EndProject
Project("{2150E333-8FDC-42A3-9474-1A3956D46DE8}") = "Solution Items", "Solution Items", "{E294B5C2-7631-4838-9BAC-D4942C871F86}"
EndProject
Global
	GlobalSection(SolutionConfigurationPlatforms) = preSolution
		Debug|Any CPU = Debug|Any CPU
		Release|Any CPU = Release|Any CPU
	EndGlobalSection
	GlobalSection(ProjectConfigurationPlatforms) = postSolution
		{E464E562-74E4-4586-B558-50A57A300D34}.Debug|Any CPU.ActiveCfg = Debug|Any CPU
		{E464E562-74E4-4586-B558-50A57A300D34}.Debug|Any CPU.Build.0 = Debug|Any CPU
		{E464E562-74E4-4586-B558-50A57A300D34}.Release|Any CPU.ActiveCfg = Release|Any CPU
		{E464E562-74E4-4586-B558-50A57A300D34}.Release|Any CPU.Build.0 = Release|Any CPU
		{5E124A29-FD7E-47CB-B555-9914CFDC3DD3}.Debug|Any CPU.ActiveCfg = Debug|Any CPU
		{5E124A29-FD7E-47CB-B555-9914CFDC3DD3}.Debug|Any CPU.Build.0 = Debug|Any CPU
		{5E124A29-FD7E-47CB-B555-9914CFDC3DD3}.Release|Any CPU.ActiveCfg = Release|Any CPU
		{5E124A29-FD7E-47CB-B555-9914CFDC3DD3}.Release|Any CPU.Build.0 = Release|Any CPU
	EndGlobalSection
	GlobalSection(SolutionProperties) = preSolution
		HideSolutionNode = FALSE
	EndGlobalSection
	GlobalSection(ExtensibilityGlobals) = postSolution
		SolutionGuid = {80B2598D-D0D2-4A60-9AF1-3C7EC87F0851}
	EndGlobalSection
EndGlobal
